// !$*UTF8*$!
{
	archiveVersion = 1;
	classes = {
	};
	objectVersion = 55;
	objects = {

/* Begin PBXBuildFile section */
		251B3CFF2A11EF5C00119B25 /* AppDelegate.swift in Sources */ = {isa = PBXBuildFile; fileRef = 251B3CFE2A11EF5C00119B25 /* AppDelegate.swift */; };
		251B3D012A11EF5C00119B25 /* SceneDelegate.swift in Sources */ = {isa = PBXBuildFile; fileRef = 251B3D002A11EF5C00119B25 /* SceneDelegate.swift */; };
		251B3D032A11EF5C00119B25 /* ViewController.swift in Sources */ = {isa = PBXBuildFile; fileRef = 251B3D022A11EF5C00119B25 /* ViewController.swift */; };
		251B3D062A11EF5C00119B25 /* Main.storyboard in Resources */ = {isa = PBXBuildFile; fileRef = 251B3D042A11EF5C00119B25 /* Main.storyboard */; };
		251B3D082A11EF5D00119B25 /* Assets.xcassets in Resources */ = {isa = PBXBuildFile; fileRef = 251B3D072A11EF5D00119B25 /* Assets.xcassets */; };
		251B3D0B2A11EF5D00119B25 /* LaunchScreen.storyboard in Resources */ = {isa = PBXBuildFile; fileRef = 251B3D092A11EF5D00119B25 /* LaunchScreen.storyboard */; };
		251B3D162A11EF5D00119B25 /* ColllectionTesttTests.swift in Sources */ = {isa = PBXBuildFile; fileRef = 251B3D152A11EF5D00119B25 /* ColllectionTesttTests.swift */; };
		251B3D202A11EF5D00119B25 /* ColllectionTesttUITests.swift in Sources */ = {isa = PBXBuildFile; fileRef = 251B3D1F2A11EF5D00119B25 /* ColllectionTesttUITests.swift */; };
		251B3D222A11EF5D00119B25 /* ColllectionTesttUITestsLaunchTests.swift in Sources */ = {isa = PBXBuildFile; fileRef = 251B3D212A11EF5D00119B25 /* ColllectionTesttUITestsLaunchTests.swift */; };
/* End PBXBuildFile section */

/* Begin PBXContainerItemProxy section */
		251B3D122A11EF5D00119B25 /* PBXContainerItemProxy */ = {
			isa = PBXContainerItemProxy;
			containerPortal = 251B3CF32A11EF5C00119B25 /* Project object */;
			proxyType = 1;
			remoteGlobalIDString = 251B3CFA2A11EF5C00119B25;
			remoteInfo = ColllectionTestt;
		};
		251B3D1C2A11EF5D00119B25 /* PBXContainerItemProxy */ = {
			isa = PBXContainerItemProxy;
			containerPortal = 251B3CF32A11EF5C00119B25 /* Project object */;
			proxyType = 1;
			remoteGlobalIDString = 251B3CFA2A11EF5C00119B25;
			remoteInfo = ColllectionTestt;
		};
/* End PBXContainerItemProxy section */

/* Begin PBXFileReference section */
		251B3CFB2A11EF5C00119B25 /* ColllectionTestt.app */ = {isa = PBXFileReference; explicitFileType = wrapper.application; includeInIndex = 0; path = ColllectionTestt.app; sourceTree = BUILT_PRODUCTS_DIR; };
		251B3CFE2A11EF5C00119B25 /* AppDelegate.swift */ = {isa = PBXFileReference; lastKnownFileType = sourcecode.swift; path = AppDelegate.swift; sourceTree = "<group>"; };
		251B3D002A11EF5C00119B25 /* SceneDelegate.swift */ = {isa = PBXFileReference; lastKnownFileType = sourcecode.swift; path = SceneDelegate.swift; sourceTree = "<group>"; };
		251B3D022A11EF5C00119B25 /* ViewController.swift */ = {isa = PBXFileReference; lastKnownFileType = sourcecode.swift; path = ViewController.swift; sourceTree = "<group>"; };
		251B3D052A11EF5C00119B25 /* Base */ = {isa = PBXFileReference; lastKnownFileType = file.storyboard; name = Base; path = Base.lproj/Main.storyboard; sourceTree = "<group>"; };
		251B3D072A11EF5D00119B25 /* Assets.xcassets */ = {isa = PBXFileReference; lastKnownFileType = folder.assetcatalog; path = Assets.xcassets; sourceTree = "<group>"; };
		251B3D0A2A11EF5D00119B25 /* Base */ = {isa = PBXFileReference; lastKnownFileType = file.storyboard; name = Base; path = Base.lproj/LaunchScreen.storyboard; sourceTree = "<group>"; };
		251B3D0C2A11EF5D00119B25 /* Info.plist */ = {isa = PBXFileReference; lastKnownFileType = text.plist.xml; path = Info.plist; sourceTree = "<group>"; };
		251B3D112A11EF5D00119B25 /* ColllectionTesttTests.xctest */ = {isa = PBXFileReference; explicitFileType = wrapper.cfbundle; includeInIndex = 0; path = ColllectionTesttTests.xctest; sourceTree = BUILT_PRODUCTS_DIR; };
		251B3D152A11EF5D00119B25 /* ColllectionTesttTests.swift */ = {isa = PBXFileReference; lastKnownFileType = sourcecode.swift; path = ColllectionTesttTests.swift; sourceTree = "<group>"; };
		251B3D1B2A11EF5D00119B25 /* ColllectionTesttUITests.xctest */ = {isa = PBXFileReference; explicitFileType = wrapper.cfbundle; includeInIndex = 0; path = ColllectionTesttUITests.xctest; sourceTree = BUILT_PRODUCTS_DIR; };
		251B3D1F2A11EF5D00119B25 /* ColllectionTesttUITests.swift */ = {isa = PBXFileReference; lastKnownFileType = sourcecode.swift; path = ColllectionTesttUITests.swift; sourceTree = "<group>"; };
		251B3D212A11EF5D00119B25 /* ColllectionTesttUITestsLaunchTests.swift */ = {isa = PBXFileReference; lastKnownFileType = sourcecode.swift; path = ColllectionTesttUITestsLaunchTests.swift; sourceTree = "<group>"; };
/* End PBXFileReference section */

/* Begin PBXFrameworksBuildPhase section */
		251B3CF82A11EF5C00119B25 /* Frameworks */ = {
			isa = PBXFrameworksBuildPhase;
			buildActionMask = 2147483647;
			files = (
			);
			runOnlyForDeploymentPostprocessing = 0;
		};
		251B3D0E2A11EF5D00119B25 /* Frameworks */ = {
			isa = PBXFrameworksBuildPhase;
			buildActionMask = 2147483647;
			files = (
			);
			runOnlyForDeploymentPostprocessing = 0;
		};
		251B3D182A11EF5D00119B25 /* Frameworks */ = {
			isa = PBXFrameworksBuildPhase;
			buildActionMask = 2147483647;
			files = (
			);
			runOnlyForDeploymentPostprocessing = 0;
		};
/* End PBXFrameworksBuildPhase section */

/* Begin PBXGroup section */
		251B3CF22A11EF5C00119B25 = {
			isa = PBXGroup;
			children = (
				251B3CFD2A11EF5C00119B25 /* ColllectionTestt */,
				251B3D142A11EF5D00119B25 /* ColllectionTesttTests */,
				251B3D1E2A11EF5D00119B25 /* ColllectionTesttUITests */,
				251B3CFC2A11EF5C00119B25 /* Products */,
			);
			sourceTree = "<group>";
		};
		251B3CFC2A11EF5C00119B25 /* Products */ = {
			isa = PBXGroup;
			children = (
				251B3CFB2A11EF5C00119B25 /* ColllectionTestt.app */,
				251B3D112A11EF5D00119B25 /* ColllectionTesttTests.xctest */,
				251B3D1B2A11EF5D00119B25 /* ColllectionTesttUITests.xctest */,
			);
			name = Products;
			sourceTree = "<group>";
		};
		251B3CFD2A11EF5C00119B25 /* ColllectionTestt */ = {
			isa = PBXGroup;
			children = (
				251B3CFE2A11EF5C00119B25 /* AppDelegate.swift */,
				251B3D002A11EF5C00119B25 /* SceneDelegate.swift */,
				251B3D022A11EF5C00119B25 /* ViewController.swift */,
				251B3D042A11EF5C00119B25 /* Main.storyboard */,
				251B3D072A11EF5D00119B25 /* Assets.xcassets */,
				251B3D092A11EF5D00119B25 /* LaunchScreen.storyboard */,
				251B3D0C2A11EF5D00119B25 /* Info.plist */,
			);
			path = ColllectionTestt;
			sourceTree = "<group>";
		};
		251B3D142A11EF5D00119B25 /* ColllectionTesttTests */ = {
			isa = PBXGroup;
			children = (
				251B3D152A11EF5D00119B25 /* ColllectionTesttTests.swift */,
			);
			path = ColllectionTesttTests;
			sourceTree = "<group>";
		};
		251B3D1E2A11EF5D00119B25 /* ColllectionTesttUITests */ = {
			isa = PBXGroup;
			children = (
				251B3D1F2A11EF5D00119B25 /* ColllectionTesttUITests.swift */,
				251B3D212A11EF5D00119B25 /* ColllectionTesttUITestsLaunchTests.swift */,
			);
			path = ColllectionTesttUITests;
			sourceTree = "<group>";
		};
/* End PBXGroup section */

/* Begin PBXNativeTarget section */
		251B3CFA2A11EF5C00119B25 /* ColllectionTestt */ = {
			isa = PBXNativeTarget;
			buildConfigurationList = 251B3D252A11EF5D00119B25 /* Build configuration list for PBXNativeTarget "ColllectionTestt" */;
			buildPhases = (
				251B3CF72A11EF5C00119B25 /* Sources */,
				251B3CF82A11EF5C00119B25 /* Frameworks */,
				251B3CF92A11EF5C00119B25 /* Resources */,
			);
			buildRules = (
			);
			dependencies = (
			);
			name = ColllectionTestt;
			productName = ColllectionTestt;
			productReference = 251B3CFB2A11EF5C00119B25 /* ColllectionTestt.app */;
			productType = "com.apple.product-type.application";
		};
		251B3D102A11EF5D00119B25 /* ColllectionTesttTests */ = {
			isa = PBXNativeTarget;
			buildConfigurationList = 251B3D282A11EF5D00119B25 /* Build configuration list for PBXNativeTarget "ColllectionTesttTests" */;
			buildPhases = (
				251B3D0D2A11EF5D00119B25 /* Sources */,
				251B3D0E2A11EF5D00119B25 /* Frameworks */,
				251B3D0F2A11EF5D00119B25 /* Resources */,
			);
			buildRules = (
			);
			dependencies = (
				251B3D132A11EF5D00119B25 /* PBXTargetDependency */,
			);
			name = ColllectionTesttTests;
			productName = ColllectionTesttTests;
			productReference = 251B3D112A11EF5D00119B25 /* ColllectionTesttTests.xctest */;
			productType = "com.apple.product-type.bundle.unit-test";
		};
		251B3D1A2A11EF5D00119B25 /* ColllectionTesttUITests */ = {
			isa = PBXNativeTarget;
			buildConfigurationList = 251B3D2B2A11EF5D00119B25 /* Build configuration list for PBXNativeTarget "ColllectionTesttUITests" */;
			buildPhases = (
				251B3D172A11EF5D00119B25 /* Sources */,
				251B3D182A11EF5D00119B25 /* Frameworks */,
				251B3D192A11EF5D00119B25 /* Resources */,
			);
			buildRules = (
			);
			dependencies = (
				251B3D1D2A11EF5D00119B25 /* PBXTargetDependency */,
			);
			name = ColllectionTesttUITests;
			productName = ColllectionTesttUITests;
			productReference = 251B3D1B2A11EF5D00119B25 /* ColllectionTesttUITests.xctest */;
			productType = "com.apple.product-type.bundle.ui-testing";
		};
/* End PBXNativeTarget section */

/* Begin PBXProject section */
		251B3CF32A11EF5C00119B25 /* Project object */ = {
			isa = PBXProject;
			attributes = {
				BuildIndependentTargetsInParallel = 1;
				LastSwiftUpdateCheck = 1310;
				LastUpgradeCheck = 1310;
				TargetAttributes = {
					251B3CFA2A11EF5C00119B25 = {
						CreatedOnToolsVersion = 13.1;
					};
					251B3D102A11EF5D00119B25 = {
						CreatedOnToolsVersion = 13.1;
						TestTargetID = 251B3CFA2A11EF5C00119B25;
					};
					251B3D1A2A11EF5D00119B25 = {
						CreatedOnToolsVersion = 13.1;
						TestTargetID = 251B3CFA2A11EF5C00119B25;
					};
				};
			};
			buildConfigurationList = 251B3CF62A11EF5C00119B25 /* Build configuration list for PBXProject "ColllectionTestt" */;
			compatibilityVersion = "Xcode 13.0";
			developmentRegion = en;
			hasScannedForEncodings = 0;
			knownRegions = (
				en,
				Base,
			);
			mainGroup = 251B3CF22A11EF5C00119B25;
			productRefGroup = 251B3CFC2A11EF5C00119B25 /* Products */;
			projectDirPath = "";
			projectRoot = "";
			targets = (
				251B3CFA2A11EF5C00119B25 /* ColllectionTestt */,
				251B3D102A11EF5D00119B25 /* ColllectionTesttTests */,
				251B3D1A2A11EF5D00119B25 /* ColllectionTesttUITests */,
			);
		};
/* End PBXProject section */

/* Begin PBXResourcesBuildPhase section */
		251B3CF92A11EF5C00119B25 /* Resources */ = {
			isa = PBXResourcesBuildPhase;
			buildActionMask = 2147483647;
			files = (
				251B3D0B2A11EF5D00119B25 /* LaunchScreen.storyboard in Resources */,
				251B3D082A11EF5D00119B25 /* Assets.xcassets in Resources */,
				251B3D062A11EF5C00119B25 /* Main.storyboard in Resources */,
			);
			runOnlyForDeploymentPostprocessing = 0;
		};
		251B3D0F2A11EF5D00119B25 /* Resources */ = {
			isa = PBXResourcesBuildPhase;
			buildActionMask = 2147483647;
			files = (
			);
			runOnlyForDeploymentPostprocessing = 0;
		};
		251B3D192A11EF5D00119B25 /* Resources */ = {
			isa = PBXResourcesBuildPhase;
			buildActionMask = 2147483647;
			files = (
			);
			runOnlyForDeploymentPostprocessing = 0;
		};
/* End PBXResourcesBuildPhase section */

/* Begin PBXSourcesBuildPhase section */
		251B3CF72A11EF5C00119B25 /* Sources */ = {
			isa = PBXSourcesBuildPhase;
			buildActionMask = 2147483647;
			files = (
				251B3D032A11EF5C00119B25 /* ViewController.swift in Sources */,
				251B3CFF2A11EF5C00119B25 /* AppDelegate.swift in Sources */,
				251B3D012A11EF5C00119B25 /* SceneDelegate.swift in Sources */,
			);
			runOnlyForDeploymentPostprocessing = 0;
		};
		251B3D0D2A11EF5D00119B25 /* Sources */ = {
			isa = PBXSourcesBuildPhase;
			buildActionMask = 2147483647;
			files = (
				251B3D162A11EF5D00119B25 /* ColllectionTesttTests.swift in Sources */,
			);
			runOnlyForDeploymentPostprocessing = 0;
		};
		251B3D172A11EF5D00119B25 /* Sources */ = {
			isa = PBXSourcesBuildPhase;
			buildActionMask = 2147483647;
			files = (
				251B3D222A11EF5D00119B25 /* ColllectionTesttUITestsLaunchTests.swift in Sources */,
				251B3D202A11EF5D00119B25 /* ColllectionTesttUITests.swift in Sources */,
			);
			runOnlyForDeploymentPostprocessing = 0;
		};
/* End PBXSourcesBuildPhase section */

/* Begin PBXTargetDependency section */
		251B3D132A11EF5D00119B25 /* PBXTargetDependency */ = {
			isa = PBXTargetDependency;
			target = 251B3CFA2A11EF5C00119B25 /* ColllectionTestt */;
			targetProxy = 251B3D122A11EF5D00119B25 /* PBXContainerItemProxy */;
		};
		251B3D1D2A11EF5D00119B25 /* PBXTargetDependency */ = {
			isa = PBXTargetDependency;
			target = 251B3CFA2A11EF5C00119B25 /* ColllectionTestt */;
			targetProxy = 251B3D1C2A11EF5D00119B25 /* PBXContainerItemProxy */;
		};
/* End PBXTargetDependency section */

/* Begin PBXVariantGroup section */
		251B3D042A11EF5C00119B25 /* Main.storyboard */ = {
			isa = PBXVariantGroup;
			children = (
				251B3D052A11EF5C00119B25 /* Base */,
			);
			name = Main.storyboard;
			sourceTree = "<group>";
		};
		251B3D092A11EF5D00119B25 /* LaunchScreen.storyboard */ = {
			isa = PBXVariantGroup;
			children = (
				251B3D0A2A11EF5D00119B25 /* Base */,
			);
			name = LaunchScreen.storyboard;
			sourceTree = "<group>";
		};
/* End PBXVariantGroup section */

/* Begin XCBuildConfiguration section */
		251B3D232A11EF5D00119B25 /* Debug */ = {
			isa = XCBuildConfiguration;
			buildSettings = {
				ALWAYS_SEARCH_USER_PATHS = NO;
				CLANG_ANALYZER_NONNULL = YES;
				CLANG_ANALYZER_NUMBER_OBJECT_CONVERSION = YES_AGGRESSIVE;
				CLANG_CXX_LANGUAGE_STANDARD = "gnu++17";
				CLANG_CXX_LIBRARY = "libc++";
				CLANG_ENABLE_MODULES = YES;
				CLANG_ENABLE_OBJC_ARC = YES;
				CLANG_ENABLE_OBJC_WEAK = YES;
				CLANG_WARN_BLOCK_CAPTURE_AUTORELEASING = YES;
				CLANG_WARN_BOOL_CONVERSION = YES;
				CLANG_WARN_COMMA = YES;
				CLANG_WARN_CONSTANT_CONVERSION = YES;
				CLANG_WARN_DEPRECATED_OBJC_IMPLEMENTATIONS = YES;
				CLANG_WARN_DIRECT_OBJC_ISA_USAGE = YES_ERROR;
				CLANG_WARN_DOCUMENTATION_COMMENTS = YES;
				CLANG_WARN_EMPTY_BODY = YES;
				CLANG_WARN_ENUM_CONVERSION = YES;
				CLANG_WARN_INFINITE_RECURSION = YES;
				CLANG_WARN_INT_CONVERSION = YES;
				CLANG_WARN_NON_LITERAL_NULL_CONVERSION = YES;
				CLANG_WARN_OBJC_IMPLICIT_RETAIN_SELF = YES;
				CLANG_WARN_OBJC_LITERAL_CONVERSION = YES;
				CLANG_WARN_OBJC_ROOT_CLASS = YES_ERROR;
				CLANG_WARN_QUOTED_INCLUDE_IN_FRAMEWORK_HEADER = YES;
				CLANG_WARN_RANGE_LOOP_ANALYSIS = YES;
				CLANG_WARN_STRICT_PROTOTYPES = YES;
				CLANG_WARN_SUSPICIOUS_MOVE = YES;
				CLANG_WARN_UNGUARDED_AVAILABILITY = YES_AGGRESSIVE;
				CLANG_WARN_UNREACHABLE_CODE = YES;
				CLANG_WARN__DUPLICATE_METHOD_MATCH = YES;
				COPY_PHASE_STRIP = NO;
				DEBUG_INFORMATION_FORMAT = dwarf;
				ENABLE_STRICT_OBJC_MSGSEND = YES;
				ENABLE_TESTABILITY = YES;
				GCC_C_LANGUAGE_STANDARD = gnu11;
				GCC_DYNAMIC_NO_PIC = NO;
				GCC_NO_COMMON_BLOCKS = YES;
				GCC_OPTIMIZATION_LEVEL = 0;
				GCC_PREPROCESSOR_DEFINITIONS = (
					"DEBUG=1",
					"$(inherited)",
				);
				GCC_WARN_64_TO_32_BIT_CONVERSION = YES;
				GCC_WARN_ABOUT_RETURN_TYPE = YES_ERROR;
				GCC_WARN_UNDECLARED_SELECTOR = YES;
				GCC_WARN_UNINITIALIZED_AUTOS = YES_AGGRESSIVE;
				GCC_WARN_UNUSED_FUNCTION = YES;
				GCC_WARN_UNUSED_VARIABLE = YES;
				IPHONEOS_DEPLOYMENT_TARGET = 15.0;
				MTL_ENABLE_DEBUG_INFO = INCLUDE_SOURCE;
				MTL_FAST_MATH = YES;
				ONLY_ACTIVE_ARCH = YES;
				SDKROOT = iphoneos;
				SWIFT_ACTIVE_COMPILATION_CONDITIONS = DEBUG;
				SWIFT_OPTIMIZATION_LEVEL = "-Onone";
			};
			name = Debug;
		};
		251B3D242A11EF5D00119B25 /* Release */ = {
			isa = XCBuildConfiguration;
			buildSettings = {
				ALWAYS_SEARCH_USER_PATHS = NO;
				CLANG_ANALYZER_NONNULL = YES;
				CLANG_ANALYZER_NUMBER_OBJECT_CONVERSION = YES_AGGRESSIVE;
				CLANG_CXX_LANGUAGE_STANDARD = "gnu++17";
				CLANG_CXX_LIBRARY = "libc++";
				CLANG_ENABLE_MODULES = YES;
				CLANG_ENABLE_OBJC_ARC = YES;
				CLANG_ENABLE_OBJC_WEAK = YES;
				CLANG_WARN_BLOCK_CAPTURE_AUTORELEASING = YES;
				CLANG_WARN_BOOL_CONVERSION = YES;
				CLANG_WARN_COMMA = YES;
				CLANG_WARN_CONSTANT_CONVERSION = YES;
				CLANG_WARN_DEPRECATED_OBJC_IMPLEMENTATIONS = YES;
				CLANG_WARN_DIRECT_OBJC_ISA_USAGE = YES_ERROR;
				CLANG_WARN_DOCUMENTATION_COMMENTS = YES;
				CLANG_WARN_EMPTY_BODY = YES;
				CLANG_WARN_ENUM_CONVERSION = YES;
				CLANG_WARN_INFINITE_RECURSION = YES;
				CLANG_WARN_INT_CONVERSION = YES;
				CLANG_WARN_NON_LITERAL_NULL_CONVERSION = YES;
				CLANG_WARN_OBJC_IMPLICIT_RETAIN_SELF = YES;
				CLANG_WARN_OBJC_LITERAL_CONVERSION = YES;
				CLANG_WARN_OBJC_ROOT_CLASS = YES_ERROR;
				CLANG_WARN_QUOTED_INCLUDE_IN_FRAMEWORK_HEADER = YES;
				CLANG_WARN_RANGE_LOOP_ANALYSIS = YES;
				CLANG_WARN_STRICT_PROTOTYPES = YES;
				CLANG_WARN_SUSPICIOUS_MOVE = YES;
				CLANG_WARN_UNGUARDED_AVAILABILITY = YES_AGGRESSIVE;
				CLANG_WARN_UNREACHABLE_CODE = YES;
				CLANG_WARN__DUPLICATE_METHOD_MATCH = YES;
				COPY_PHASE_STRIP = NO;
				DEBUG_INFORMATION_FORMAT = "dwarf-with-dsym";
				ENABLE_NS_ASSERTIONS = NO;
				ENABLE_STRICT_OBJC_MSGSEND = YES;
				GCC_C_LANGUAGE_STANDARD = gnu11;
				GCC_NO_COMMON_BLOCKS = YES;
				GCC_WARN_64_TO_32_BIT_CONVERSION = YES;
				GCC_WARN_ABOUT_RETURN_TYPE = YES_ERROR;
				GCC_WARN_UNDECLARED_SELECTOR = YES;
				GCC_WARN_UNINITIALIZED_AUTOS = YES_AGGRESSIVE;
				GCC_WARN_UNUSED_FUNCTION = YES;
				GCC_WARN_UNUSED_VARIABLE = YES;
				IPHONEOS_DEPLOYMENT_TARGET = 15.0;
				MTL_ENABLE_DEBUG_INFO = NO;
				MTL_FAST_MATH = YES;
				SDKROOT = iphoneos;
				SWIFT_COMPILATION_MODE = wholemodule;
				SWIFT_OPTIMIZATION_LEVEL = "-O";
				VALIDATE_PRODUCT = YES;
			};
			name = Release;
		};
		251B3D262A11EF5D00119B25 /* Debug */ = {
			isa = XCBuildConfiguration;
			buildSettings = {
				ASSETCATALOG_COMPILER_APPICON_NAME = AppIcon;
				ASSETCATALOG_COMPILER_GLOBAL_ACCENT_COLOR_NAME = AccentColor;
				CODE_SIGN_STYLE = Automatic;
				CURRENT_PROJECT_VERSION = 1;
				DEVELOPMENT_TEAM = V23C68N65J;
				GENERATE_INFOPLIST_FILE = YES;
				INFOPLIST_FILE = ColllectionTestt/Info.plist;
				INFOPLIST_KEY_UIApplicationSupportsIndirectInputEvents = YES;
				INFOPLIST_KEY_UILaunchStoryboardName = LaunchScreen;
				INFOPLIST_KEY_UIMainStoryboardFile = Main;
				INFOPLIST_KEY_UISupportedInterfaceOrientations_iPad = "UIInterfaceOrientationPortrait UIInterfaceOrientationPortraitUpsideDown UIInterfaceOrientationLandscapeLeft UIInterfaceOrientationLandscapeRight";
				INFOPLIST_KEY_UISupportedInterfaceOrientations_iPhone = "UIInterfaceOrientationPortrait UIInterfaceOrientationLandscapeLeft UIInterfaceOrientationLandscapeRight";
				LD_RUNPATH_SEARCH_PATHS = (
					"$(inherited)",
					"@executable_path/Frameworks",
				);
				MARKETING_VERSION = 1.0;
				PRODUCT_BUNDLE_IDENTIFIER = com.tht.ColllectionTestt;
				PRODUCT_NAME = "$(TARGET_NAME)";
				SWIFT_EMIT_LOC_STRINGS = YES;
				SWIFT_VERSION = 5.0;
				TARGETED_DEVICE_FAMILY = "1,2";
			};
			name = Debug;
		};
		251B3D272A11EF5D00119B25 /* Release */ = {
			isa = XCBuildConfiguration;
			buildSettings = {
				ASSETCATALOG_COMPILER_APPICON_NAME = AppIcon;
				ASSETCATALOG_COMPILER_GLOBAL_ACCENT_COLOR_NAME = AccentColor;
				CODE_SIGN_STYLE = Automatic;
				CURRENT_PROJECT_VERSION = 1;
				DEVELOPMENT_TEAM = V23C68N65J;
				GENERATE_INFOPLIST_FILE = YES;
				INFOPLIST_FILE = ColllectionTestt/Info.plist;
				INFOPLIST_KEY_UIApplicationSupportsIndirectInputEvents = YES;
				INFOPLIST_KEY_UILaunchStoryboardName = LaunchScreen;
				INFOPLIST_KEY_UIMainStoryboardFile = Main;
				INFOPLIST_KEY_UISupportedInterfaceOrientations_iPad = "UIInterfaceOrientationPortrait UIInterfaceOrientationPortraitUpsideDown UIInterfaceOrientationLandscapeLeft UIInterfaceOrientationLandscapeRight";
				INFOPLIST_KEY_UISupportedInterfaceOrientations_iPhone = "UIInterfaceOrientationPortrait UIInterfaceOrientationLandscapeLeft UIInterfaceOrientationLandscapeRight";
				LD_RUNPATH_SEARCH_PATHS = (
					"$(inherited)",
					"@executable_path/Frameworks",
				);
				MARKETING_VERSION = 1.0;
				PRODUCT_BUNDLE_IDENTIFIER = com.tht.ColllectionTestt;
				PRODUCT_NAME = "$(TARGET_NAME)";
				SWIFT_EMIT_LOC_STRINGS = YES;
				SWIFT_VERSION = 5.0;
				TARGETED_DEVICE_FAMILY = "1,2";
			};
			name = Release;
		};
		251B3D292A11EF5D00119B25 /* Debug */ = {
			isa = XCBuildConfiguration;
			buildSettings = {
				ALWAYS_EMBED_SWIFT_STANDARD_LIBRARIES = YES;
				BUNDLE_LOADER = "$(TEST_HOST)";
				CODE_SIGN_STYLE = Automatic;
				CURRENT_PROJECT_VERSION = 1;
				DEVELOPMENT_TEAM = V23C68N65J;
				GENERATE_INFOPLIST_FILE = YES;
				IPHONEOS_DEPLOYMENT_TARGET = 15.0;
				LD_RUNPATH_SEARCH_PATHS = (
					"$(inherited)",
					"@executable_path/Frameworks",
					"@loader_path/Frameworks",
				);
				MARKETING_VERSION = 1.0;
				PRODUCT_BUNDLE_IDENTIFIER = com.tht.ColllectionTesttTests;
				PRODUCT_NAME = "$(TARGET_NAME)";
				SWIFT_EMIT_LOC_STRINGS = NO;
				SWIFT_VERSION = 5.0;
				TARGETED_DEVICE_FAMILY = "1,2";
				TEST_HOST = "$(BUILT_PRODUCTS_DIR)/ColllectionTestt.app/ColllectionTestt";
			};
			name = Debug;
		};
		251B3D2A2A11EF5D00119B25 /* Release */ = {
			isa = XCBuildConfiguration;
			buildSettings = {
				ALWAYS_EMBED_SWIFT_STANDARD_LIBRARIES = YES;
				BUNDLE_LOADER = "$(TEST_HOST)";
				CODE_SIGN_STYLE = Automatic;
				CURRENT_PROJECT_VERSION = 1;
				DEVELOPMENT_TEAM = V23C68N65J;
				GENERATE_INFOPLIST_FILE = YES;
				IPHONEOS_DEPLOYMENT_TARGET = 15.0;
				LD_RUNPATH_SEARCH_PATHS = (
					"$(inherited)",
					"@executable_path/Frameworks",
					"@loader_path/Frameworks",
				);
				MARKETING_VERSION = 1.0;
				PRODUCT_BUNDLE_IDENTIFIER = com.tht.ColllectionTesttTests;
				PRODUCT_NAME = "$(TARGET_NAME)";
				SWIFT_EMIT_LOC_STRINGS = NO;
				SWIFT_VERSION = 5.0;
				TARGETED_DEVICE_FAMILY = "1,2";
				TEST_HOST = "$(BUILT_PRODUCTS_DIR)/ColllectionTestt.app/ColllectionTestt";
			};
			name = Release;
		};
		251B3D2C2A11EF5D00119B25 /* Debug */ = {
			isa = XCBuildConfiguration;
			buildSettings = {
				ALWAYS_EMBED_SWIFT_STANDARD_LIBRARIES = YES;
				CODE_SIGN_STYLE = Automatic;
				CURRENT_PROJECT_VERSION = 1;
				DEVELOPMENT_TEAM = V23C68N65J;
				GENERATE_INFOPLIST_FILE = YES;
				LD_RUNPATH_SEARCH_PATHS = (
					"$(inherited)",
					"@executable_path/Frameworks",
					"@loader_path/Frameworks",
				);
				MARKETING_VERSION = 1.0;
				PRODUCT_BUNDLE_IDENTIFIER = com.tht.ColllectionTesttUITests;
				PRODUCT_NAME = "$(TARGET_NAME)";
				SWIFT_EMIT_LOC_STRINGS = NO;
				SWIFT_VERSION = 5.0;
				TARGETED_DEVICE_FAMILY = "1,2";
				TEST_TARGET_NAME = ColllectionTestt;
			};
			name = Debug;
		};
		251B3D2D2A11EF5D00119B25 /* Release */ = {
			isa = XCBuildConfiguration;
			buildSettings = {
				ALWAYS_EMBED_SWIFT_STANDARD_LIBRARIES = YES;
				CODE_SIGN_STYLE = Automatic;
				CURRENT_PROJECT_VERSION = 1;
				DEVELOPMENT_TEAM = V23C68N65J;
				GENERATE_INFOPLIST_FILE = YES;
				LD_RUNPATH_SEARCH_PATHS = (
					"$(inherited)",
					"@executable_path/Frameworks",
					"@loader_path/Frameworks",
				);
				MARKETING_VERSION = 1.0;
				PRODUCT_BUNDLE_IDENTIFIER = com.tht.ColllectionTesttUITests;
				PRODUCT_NAME = "$(TARGET_NAME)";
				SWIFT_EMIT_LOC_STRINGS = NO;
				SWIFT_VERSION = 5.0;
				TARGETED_DEVICE_FAMILY = "1,2";
				TEST_TARGET_NAME = ColllectionTestt;
			};
			name = Release;
		};
/* End XCBuildConfiguration section */

/* Begin XCConfigurationList section */
		251B3CF62A11EF5C00119B25 /* Build configuration list for PBXProject "ColllectionTestt" */ = {
			isa = XCConfigurationList;
			buildConfigurations = (
				251B3D232A11EF5D00119B25 /* Debug */,
				251B3D242A11EF5D00119B25 /* Release */,
			);
			defaultConfigurationIsVisible = 0;
			defaultConfigurationName = Release;
		};
		251B3D252A11EF5D00119B25 /* Build configuration list for PBXNativeTarget "ColllectionTestt" */ = {
			isa = XCConfigurationList;
			buildConfigurations = (
				251B3D262A11EF5D00119B25 /* Debug */,
				251B3D272A11EF5D00119B25 /* Release */,
			);
			defaultConfigurationIsVisible = 0;
			defaultConfigurationName = Release;
		};
		251B3D282A11EF5D00119B25 /* Build configuration list for PBXNativeTarget "ColllectionTesttTests" */ = {
			isa = XCConfigurationList;
			buildConfigurations = (
				251B3D292A11EF5D00119B25 /* Debug */,
				251B3D2A2A11EF5D00119B25 /* Release */,
			);
			defaultConfigurationIsVisible = 0;
			defaultConfigurationName = Release;
		};
		251B3D2B2A11EF5D00119B25 /* Build configuration list for PBXNativeTarget "ColllectionTesttUITests" */ = {
			isa = XCConfigurationList;
			buildConfigurations = (
				251B3D2C2A11EF5D00119B25 /* Debug */,
				251B3D2D2A11EF5D00119B25 /* Release */,
			);
			defaultConfigurationIsVisible = 0;
			defaultConfigurationName = Release;
		};
/* End XCConfigurationList section */
	};
	rootObject = 251B3CF32A11EF5C00119B25 /* Project object */;
}
